
Microsoft Visual Studio Solution File, Format Version 12.00
# Visual Studio Version 17
VisualStudioVersion = 17.0.32014.148
MinimumVisualStudioVersion = 10.0.40219.1
Project("{FAE04EC0-301F-11D3-BF4B-00C04F79EFBC}") = "microservices-monitor", "microservices-monitor\microservices-monitor.csproj", "{30807E76-2478-4252-9CCE-8F5F7E6B2F4E}"
EndProject
Global
	GlobalSection(SolutionConfigurationPlatforms) = preSolution
		Debug|Any CPU = Debug|Any CPU
		Release|Any CPU = Release|Any CPU
	EndGlobalSection
	GlobalSection(ProjectConfigurationPlatforms) = postSolution
		{30807E76-2478-4252-9CCE-8F5F7E6B2F4E}.Debug|Any CPU.ActiveCfg = Debug|Any CPU
		{30807E76-2478-4252-9CCE-8F5F7E6B2F4E}.Debug|Any CPU.Build.0 = Debug|Any CPU
		{30807E76-2478-4252-9CCE-8F5F7E6B2F4E}.Release|Any CPU.ActiveCfg = Release|Any CPU
		{30807E76-2478-4252-9CCE-8F5F7E6B2F4E}.Release|Any CPU.Build.0 = Release|Any CPU
	EndGlobalSection
	GlobalSection(SolutionProperties) = preSolution
		HideSolutionNode = FALSE
	EndGlobalSection
	GlobalSection(ExtensibilityGlobals) = postSolution
		SolutionGuid = {75F802BB-BD17-4BDE-9DA1-DE640034F750}
	EndGlobalSection
EndGlobal
